
Microsoft Visual Studio Solution File, Format Version 12.00
# Visual Studio 15
VisualStudioVersion = 15.0.26430.16
MinimumVisualStudioVersion = 10.0.40219.1
Project("{FAE04EC0-301F-11D3-BF4B-00C04F79EFBC}") = "Collaboro.Android", "Collaboro\Collaboro.Android\Collaboro.Android.csproj", "{839F26A0-2864-4123-A142-40E3219F1180}"
EndProject
Project("{FAE04EC0-301F-11D3-BF4B-00C04F79EFBC}") = "Collaboro", "Collaboro\Collaboro\Collaboro.csproj", "{FBF1A97C-2FD9-410E-8A51-EEF3A00DFC30}"
EndProject
Project("{FAE04EC0-301F-11D3-BF4B-00C04F79EFBC}") = "Collaboro.UWP", "Collaboro\Collaboro.UWP\Collaboro.UWP.csproj", "{EFC7DCD3-5FE8-42E6-BC36-24A4EF7FDF33}"
EndProject
Project("{FAE04EC0-301F-11D3-BF4B-00C04F79EFBC}") = "Collaboro.iOS", "Collaboro\Collaboro.iOS\Collaboro.iOS.csproj", "{5AB56780-DF4A-404B-9D15-BB577386125C}"
EndProject
Global
	GlobalSection(SolutionConfigurationPlatforms) = preSolution
		Ad-Hoc|Any CPU = Ad-Hoc|Any CPU
		Ad-Hoc|ARM = Ad-Hoc|ARM
		Ad-Hoc|iPhone = Ad-Hoc|iPhone
		Ad-Hoc|iPhoneSimulator = Ad-Hoc|iPhoneSimulator
		Ad-Hoc|x64 = Ad-Hoc|x64
		Ad-Hoc|x86 = Ad-Hoc|x86
		AppStore|Any CPU = AppStore|Any CPU
		AppStore|ARM = AppStore|ARM
		AppStore|iPhone = AppStore|iPhone
		AppStore|iPhoneSimulator = AppStore|iPhoneSimulator
		AppStore|x64 = AppStore|x64
		AppStore|x86 = AppStore|x86
		Debug|Any CPU = Debug|Any CPU
		Debug|ARM = Debug|ARM
		Debug|iPhone = Debug|iPhone
		Debug|iPhoneSimulator = Debug|iPhoneSimulator
		Debug|x64 = Debug|x64
		Debug|x86 = Debug|x86
		Release|Any CPU = Release|Any CPU
		Release|ARM = Release|ARM
		Release|iPhone = Release|iPhone
		Release|iPhoneSimulator = Release|iPhoneSimulator
		Release|x64 = Release|x64
		Release|x86 = Release|x86
	EndGlobalSection
	GlobalSection(ProjectConfigurationPlatforms) = postSolution
		{839F26A0-2864-4123-A142-40E3219F1180}.Ad-Hoc|Any CPU.ActiveCfg = Release|Any CPU
		{839F26A0-2864-4123-A142-40E3219F1180}.Ad-Hoc|Any CPU.Build.0 = Release|Any CPU
		{839F26A0-2864-4123-A142-40E3219F1180}.Ad-Hoc|Any CPU.Deploy.0 = Release|Any CPU
		{839F26A0-2864-4123-A142-40E3219F1180}.Ad-Hoc|ARM.ActiveCfg = Release|Any CPU
		{839F26A0-2864-4123-A142-40E3219F1180}.Ad-Hoc|ARM.Build.0 = Release|Any CPU
		{839F26A0-2864-4123-A142-40E3219F1180}.Ad-Hoc|ARM.Deploy.0 = Release|Any CPU
		{839F26A0-2864-4123-A142-40E3219F1180}.Ad-Hoc|iPhone.ActiveCfg = Release|Any CPU
		{839F26A0-2864-4123-A142-40E3219F1180}.Ad-Hoc|iPhone.Build.0 = Release|Any CPU
		{839F26A0-2864-4123-A142-40E3219F1180}.Ad-Hoc|iPhone.Deploy.0 = Release|Any CPU
		{839F26A0-2864-4123-A142-40E3219F1180}.Ad-Hoc|iPhoneSimulator.ActiveCfg = Release|Any CPU
		{839F26A0-2864-4123-A142-40E3219F1180}.Ad-Hoc|iPhoneSimulator.Build.0 = Release|Any CPU
		{839F26A0-2864-4123-A142-40E3219F1180}.Ad-Hoc|iPhoneSimulator.Deploy.0 = Release|Any CPU
		{839F26A0-2864-4123-A142-40E3219F1180}.Ad-Hoc|x64.ActiveCfg = Release|Any CPU
		{839F26A0-2864-4123-A142-40E3219F1180}.Ad-Hoc|x64.Build.0 = Release|Any CPU
		{839F26A0-2864-4123-A142-40E3219F1180}.Ad-Hoc|x64.Deploy.0 = Release|Any CPU
		{839F26A0-2864-4123-A142-40E3219F1180}.Ad-Hoc|x86.ActiveCfg = Release|Any CPU
		{839F26A0-2864-4123-A142-40E3219F1180}.Ad-Hoc|x86.Build.0 = Release|Any CPU
		{839F26A0-2864-4123-A142-40E3219F1180}.Ad-Hoc|x86.Deploy.0 = Release|Any CPU
		{839F26A0-2864-4123-A142-40E3219F1180}.AppStore|Any CPU.ActiveCfg = Release|Any CPU
		{839F26A0-2864-4123-A142-40E3219F1180}.AppStore|Any CPU.Build.0 = Release|Any CPU
		{839F26A0-2864-4123-A142-40E3219F1180}.AppStore|Any CPU.Deploy.0 = Release|Any CPU
		{839F26A0-2864-4123-A142-40E3219F1180}.AppStore|ARM.ActiveCfg = Release|Any CPU
		{839F26A0-2864-4123-A142-40E3219F1180}.AppStore|ARM.Build.0 = Release|Any CPU
		{839F26A0-2864-4123-A142-40E3219F1180}.AppStore|ARM.Deploy.0 = Release|Any CPU
		{839F26A0-2864-4123-A142-40E3219F1180}.AppStore|iPhone.ActiveCfg = Release|Any CPU
		{839F26A0-2864-4123-A142-40E3219F1180}.AppStore|iPhone.Build.0 = Release|Any CPU
		{839F26A0-2864-4123-A142-40E3219F1180}.AppStore|iPhone.Deploy.0 = Release|Any CPU
		{839F26A0-2864-4123-A142-40E3219F1180}.AppStore|iPhoneSimulator.ActiveCfg = Release|Any CPU
		{839F26A0-2864-4123-A142-40E3219F1180}.AppStore|iPhoneSimulator.Build.0 = Release|Any CPU
		{839F26A0-2864-4123-A142-40E3219F1180}.AppStore|iPhoneSimulator.Deploy.0 = Release|Any CPU
		{839F26A0-2864-4123-A142-40E3219F1180}.AppStore|x64.ActiveCfg = Release|Any CPU
		{839F26A0-2864-4123-A142-40E3219F1180}.AppStore|x64.Build.0 = Release|Any CPU
		{839F26A0-2864-4123-A142-40E3219F1180}.AppStore|x64.Deploy.0 = Release|Any CPU
		{839F26A0-2864-4123-A142-40E3219F1180}.AppStore|x86.ActiveCfg = Release|Any CPU
		{839F26A0-2864-4123-A142-40E3219F1180}.AppStore|x86.Build.0 = Release|Any CPU
		{839F26A0-2864-4123-A142-40E3219F1180}.AppStore|x86.Deploy.0 = Release|Any CPU
		{839F26A0-2864-4123-A142-40E3219F1180}.Debug|Any CPU.ActiveCfg = Debug|Any CPU
		{839F26A0-2864-4123-A142-40E3219F1180}.Debug|Any CPU.Build.0 = Debug|Any CPU
		{839F26A0-2864-4123-A142-40E3219F1180}.Debug|Any CPU.Deploy.0 = Debug|Any CPU
		{839F26A0-2864-4123-A142-40E3219F1180}.Debug|ARM.ActiveCfg = Debug|Any CPU
		{839F26A0-2864-4123-A142-40E3219F1180}.Debug|ARM.Build.0 = Debug|Any CPU
		{839F26A0-2864-4123-A142-40E3219F1180}.Debug|ARM.Deploy.0 = Debug|Any CPU
		{839F26A0-2864-4123-A142-40E3219F1180}.Debug|iPhone.ActiveCfg = Debug|Any CPU
		{839F26A0-2864-4123-A142-40E3219F1180}.Debug|iPhone.Build.0 = Debug|Any CPU
		{839F26A0-2864-4123-A142-40E3219F1180}.Debug|iPhone.Deploy.0 = Debug|Any CPU
		{839F26A0-2864-4123-A142-40E3219F1180}.Debug|iPhoneSimulator.ActiveCfg = Debug|Any CPU
		{839F26A0-2864-4123-A142-40E3219F1180}.Debug|iPhoneSimulator.Build.0 = Debug|Any CPU
		{839F26A0-2864-4123-A142-40E3219F1180}.Debug|iPhoneSimulator.Deploy.0 = Debug|Any CPU
		{839F26A0-2864-4123-A142-40E3219F1180}.Debug|x64.ActiveCfg = Debug|Any CPU
		{839F26A0-2864-4123-A142-40E3219F1180}.Debug|x64.Build.0 = Debug|Any CPU
		{839F26A0-2864-4123-A142-40E3219F1180}.Debug|x64.Deploy.0 = Debug|Any CPU
		{839F26A0-2864-4123-A142-40E3219F1180}.Debug|x86.ActiveCfg = Debug|Any CPU
		{839F26A0-2864-4123-A142-40E3219F1180}.Debug|x86.Build.0 = Debug|Any CPU
		{839F26A0-2864-4123-A142-40E3219F1180}.Debug|x86.Deploy.0 = Debug|Any CPU
		{839F26A0-2864-4123-A142-40E3219F1180}.Release|Any CPU.ActiveCfg = Release|Any CPU
		{839F26A0-2864-4123-A142-40E3219F1180}.Release|Any CPU.Build.0 = Release|Any CPU
		{839F26A0-2864-4123-A142-40E3219F1180}.Release|Any CPU.Deploy.0 = Release|Any CPU
		{839F26A0-2864-4123-A142-40E3219F1180}.Release|ARM.ActiveCfg = Release|Any CPU
		{839F26A0-2864-4123-A142-40E3219F1180}.Release|ARM.Build.0 = Release|Any CPU
		{839F26A0-2864-4123-A142-40E3219F1180}.Release|ARM.Deploy.0 = Release|Any CPU
		{839F26A0-2864-4123-A142-40E3219F1180}.Release|iPhone.ActiveCfg = Release|Any CPU
		{839F26A0-2864-4123-A142-40E3219F1180}.Release|iPhone.Build.0 = Release|Any CPU
		{839F26A0-2864-4123-A142-40E3219F1180}.Release|iPhone.Deploy.0 = Release|Any CPU
		{839F26A0-2864-4123-A142-40E3219F1180}.Release|iPhoneSimulator.ActiveCfg = Release|Any CPU
		{839F26A0-2864-4123-A142-40E3219F1180}.Release|iPhoneSimulator.Build.0 = Release|Any CPU
		{839F26A0-2864-4123-A142-40E3219F1180}.Release|iPhoneSimulator.Deploy.0 = Release|Any CPU
		{839F26A0-2864-4123-A142-40E3219F1180}.Release|x64.ActiveCfg = Release|Any CPU
		{839F26A0-2864-4123-A142-40E3219F1180}.Release|x64.Build.0 = Release|Any CPU
		{839F26A0-2864-4123-A142-40E3219F1180}.Release|x64.Deploy.0 = Release|Any CPU
		{839F26A0-2864-4123-A142-40E3219F1180}.Release|x86.ActiveCfg = Release|Any CPU
		{839F26A0-2864-4123-A142-40E3219F1180}.Release|x86.Build.0 = Release|Any CPU
		{839F26A0-2864-4123-A142-40E3219F1180}.Release|x86.Deploy.0 = Release|Any CPU
		{FBF1A97C-2FD9-410E-8A51-EEF3A00DFC30}.Ad-Hoc|Any CPU.ActiveCfg = Release|Any CPU
		{FBF1A97C-2FD9-410E-8A51-EEF3A00DFC30}.Ad-Hoc|Any CPU.Build.0 = Release|Any CPU
		{FBF1A97C-2FD9-410E-8A51-EEF3A00DFC30}.Ad-Hoc|ARM.ActiveCfg = Release|Any CPU
		{FBF1A97C-2FD9-410E-8A51-EEF3A00DFC30}.Ad-Hoc|ARM.Build.0 = Release|Any CPU
		{FBF1A97C-2FD9-410E-8A51-EEF3A00DFC30}.Ad-Hoc|iPhone.ActiveCfg = Release|Any CPU
		{FBF1A97C-2FD9-410E-8A51-EEF3A00DFC30}.Ad-Hoc|iPhone.Build.0 = Release|Any CPU
		{FBF1A97C-2FD9-410E-8A51-EEF3A00DFC30}.Ad-Hoc|iPhoneSimulator.ActiveCfg = Release|Any CPU
		{FBF1A97C-2FD9-410E-8A51-EEF3A00DFC30}.Ad-Hoc|iPhoneSimulator.Build.0 = Release|Any CPU
		{FBF1A97C-2FD9-410E-8A51-EEF3A00DFC30}.Ad-Hoc|x64.ActiveCfg = Release|Any CPU
		{FBF1A97C-2FD9-410E-8A51-EEF3A00DFC30}.Ad-Hoc|x64.Build.0 = Release|Any CPU
		{FBF1A97C-2FD9-410E-8A51-EEF3A00DFC30}.Ad-Hoc|x86.ActiveCfg = Release|Any CPU
		{FBF1A97C-2FD9-410E-8A51-EEF3A00DFC30}.Ad-Hoc|x86.Build.0 = Release|Any CPU
		{FBF1A97C-2FD9-410E-8A51-EEF3A00DFC30}.AppStore|Any CPU.ActiveCfg = Release|Any CPU
		{FBF1A97C-2FD9-410E-8A51-EEF3A00DFC30}.AppStore|Any CPU.Build.0 = Release|Any CPU
		{FBF1A97C-2FD9-410E-8A51-EEF3A00DFC30}.AppStore|ARM.ActiveCfg = Release|Any CPU
		{FBF1A97C-2FD9-410E-8A51-EEF3A00DFC30}.AppStore|ARM.Build.0 = Release|Any CPU
		{FBF1A97C-2FD9-410E-8A51-EEF3A00DFC30}.AppStore|iPhone.ActiveCfg = Release|Any CPU
		{FBF1A97C-2FD9-410E-8A51-EEF3A00DFC30}.AppStore|iPhone.Build.0 = Release|Any CPU
		{FBF1A97C-2FD9-410E-8A51-EEF3A00DFC30}.AppStore|iPhoneSimulator.ActiveCfg = Release|Any CPU
		{FBF1A97C-2FD9-410E-8A51-EEF3A00DFC30}.AppStore|iPhoneSimulator.Build.0 = Release|Any CPU
		{FBF1A97C-2FD9-410E-8A51-EEF3A00DFC30}.AppStore|x64.ActiveCfg = Release|Any CPU
		{FBF1A97C-2FD9-410E-8A51-EEF3A00DFC30}.AppStore|x64.Build.0 = Release|Any CPU
		{FBF1A97C-2FD9-410E-8A51-EEF3A00DFC30}.AppStore|x86.ActiveCfg = Release|Any CPU
		{FBF1A97C-2FD9-410E-8A51-EEF3A00DFC30}.AppStore|x86.Build.0 = Release|Any CPU
		{FBF1A97C-2FD9-410E-8A51-EEF3A00DFC30}.Debug|Any CPU.ActiveCfg = Debug|Any CPU
		{FBF1A97C-2FD9-410E-8A51-EEF3A00DFC30}.Debug|Any CPU.Build.0 = Debug|Any CPU
		{FBF1A97C-2FD9-410E-8A51-EEF3A00DFC30}.Debug|ARM.ActiveCfg = Debug|Any CPU
		{FBF1A97C-2FD9-410E-8A51-EEF3A00DFC30}.Debug|ARM.Build.0 = Debug|Any CPU
		{FBF1A97C-2FD9-410E-8A51-EEF3A00DFC30}.Debug|iPhone.ActiveCfg = Debug|Any CPU
		{FBF1A97C-2FD9-410E-8A51-EEF3A00DFC30}.Debug|iPhone.Build.0 = Debug|Any CPU
		{FBF1A97C-2FD9-410E-8A51-EEF3A00DFC30}.Debug|iPhoneSimulator.ActiveCfg = Debug|Any CPU
		{FBF1A97C-2FD9-410E-8A51-EEF3A00DFC30}.Debug|iPhoneSimulator.Build.0 = Debug|Any CPU
		{FBF1A97C-2FD9-410E-8A51-EEF3A00DFC30}.Debug|x64.ActiveCfg = Debug|Any CPU
		{FBF1A97C-2FD9-410E-8A51-EEF3A00DFC30}.Debug|x64.Build.0 = Debug|Any CPU
		{FBF1A97C-2FD9-410E-8A51-EEF3A00DFC30}.Debug|x86.ActiveCfg = Debug|Any CPU
		{FBF1A97C-2FD9-410E-8A51-EEF3A00DFC30}.Debug|x86.Build.0 = Debug|Any CPU
		{FBF1A97C-2FD9-410E-8A51-EEF3A00DFC30}.Release|Any CPU.ActiveCfg = Release|Any CPU
		{FBF1A97C-2FD9-410E-8A51-EEF3A00DFC30}.Release|Any CPU.Build.0 = Release|Any CPU
		{FBF1A97C-2FD9-410E-8A51-EEF3A00DFC30}.Release|ARM.ActiveCfg = Release|Any CPU
		{FBF1A97C-2FD9-410E-8A51-EEF3A00DFC30}.Release|ARM.Build.0 = Release|Any CPU
		{FBF1A97C-2FD9-410E-8A51-EEF3A00DFC30}.Release|iPhone.ActiveCfg = Release|Any CPU
		{FBF1A97C-2FD9-410E-8A51-EEF3A00DFC30}.Release|iPhone.Build.0 = Release|Any CPU
		{FBF1A97C-2FD9-410E-8A51-EEF3A00DFC30}.Release|iPhoneSimulator.ActiveCfg = Release|Any CPU
		{FBF1A97C-2FD9-410E-8A51-EEF3A00DFC30}.Release|iPhoneSimulator.Build.0 = Release|Any CPU
		{FBF1A97C-2FD9-410E-8A51-EEF3A00DFC30}.Release|x64.ActiveCfg = Release|Any CPU
		{FBF1A97C-2FD9-410E-8A51-EEF3A00DFC30}.Release|x64.Build.0 = Release|Any CPU
		{FBF1A97C-2FD9-410E-8A51-EEF3A00DFC30}.Release|x86.ActiveCfg = Release|Any CPU
		{FBF1A97C-2FD9-410E-8A51-EEF3A00DFC30}.Release|x86.Build.0 = Release|Any CPU
		{EFC7DCD3-5FE8-42E6-BC36-24A4EF7FDF33}.Ad-Hoc|Any CPU.ActiveCfg = Release|x86
		{EFC7DCD3-5FE8-42E6-BC36-24A4EF7FDF33}.Ad-Hoc|Any CPU.Build.0 = Release|x86
		{EFC7DCD3-5FE8-42E6-BC36-24A4EF7FDF33}.Ad-Hoc|Any CPU.Deploy.0 = Release|x86
		{EFC7DCD3-5FE8-42E6-BC36-24A4EF7FDF33}.Ad-Hoc|ARM.ActiveCfg = Release|ARM
		{EFC7DCD3-5FE8-42E6-BC36-24A4EF7FDF33}.Ad-Hoc|ARM.Build.0 = Release|ARM
		{EFC7DCD3-5FE8-42E6-BC36-24A4EF7FDF33}.Ad-Hoc|ARM.Deploy.0 = Release|ARM
		{EFC7DCD3-5FE8-42E6-BC36-24A4EF7FDF33}.Ad-Hoc|iPhone.ActiveCfg = Release|x86
		{EFC7DCD3-5FE8-42E6-BC36-24A4EF7FDF33}.Ad-Hoc|iPhone.Build.0 = Release|x86
		{EFC7DCD3-5FE8-42E6-BC36-24A4EF7FDF33}.Ad-Hoc|iPhone.Deploy.0 = Release|x86
		{EFC7DCD3-5FE8-42E6-BC36-24A4EF7FDF33}.Ad-Hoc|iPhoneSimulator.ActiveCfg = Release|x86
		{EFC7DCD3-5FE8-42E6-BC36-24A4EF7FDF33}.Ad-Hoc|iPhoneSimulator.Build.0 = Release|x86
		{EFC7DCD3-5FE8-42E6-BC36-24A4EF7FDF33}.Ad-Hoc|iPhoneSimulator.Deploy.0 = Release|x86
		{EFC7DCD3-5FE8-42E6-BC36-24A4EF7FDF33}.Ad-Hoc|x64.ActiveCfg = Release|x64
		{EFC7DCD3-5FE8-42E6-BC36-24A4EF7FDF33}.Ad-Hoc|x64.Build.0 = Release|x64
		{EFC7DCD3-5FE8-42E6-BC36-24A4EF7FDF33}.Ad-Hoc|x64.Deploy.0 = Release|x64
		{EFC7DCD3-5FE8-42E6-BC36-24A4EF7FDF33}.Ad-Hoc|x86.ActiveCfg = Release|x86
		{EFC7DCD3-5FE8-42E6-BC36-24A4EF7FDF33}.Ad-Hoc|x86.Build.0 = Release|x86
		{EFC7DCD3-5FE8-42E6-BC36-24A4EF7FDF33}.Ad-Hoc|x86.Deploy.0 = Release|x86
		{EFC7DCD3-5FE8-42E6-BC36-24A4EF7FDF33}.AppStore|Any CPU.ActiveCfg = Release|x86
		{EFC7DCD3-5FE8-42E6-BC36-24A4EF7FDF33}.AppStore|Any CPU.Build.0 = Release|x86
		{EFC7DCD3-5FE8-42E6-BC36-24A4EF7FDF33}.AppStore|Any CPU.Deploy.0 = Release|x86
		{EFC7DCD3-5FE8-42E6-BC36-24A4EF7FDF33}.AppStore|ARM.ActiveCfg = Release|ARM
		{EFC7DCD3-5FE8-42E6-BC36-24A4EF7FDF33}.AppStore|ARM.Build.0 = Release|ARM
		{EFC7DCD3-5FE8-42E6-BC36-24A4EF7FDF33}.AppStore|ARM.Deploy.0 = Release|ARM
		{EFC7DCD3-5FE8-42E6-BC36-24A4EF7FDF33}.AppStore|iPhone.ActiveCfg = Release|x86
		{EFC7DCD3-5FE8-42E6-BC36-24A4EF7FDF33}.AppStore|iPhone.Build.0 = Release|x86
		{EFC7DCD3-5FE8-42E6-BC36-24A4EF7FDF33}.AppStore|iPhone.Deploy.0 = Release|x86
		{EFC7DCD3-5FE8-42E6-BC36-24A4EF7FDF33}.AppStore|iPhoneSimulator.ActiveCfg = Release|x86
		{EFC7DCD3-5FE8-42E6-BC36-24A4EF7FDF33}.AppStore|iPhoneSimulator.Build.0 = Release|x86
		{EFC7DCD3-5FE8-42E6-BC36-24A4EF7FDF33}.AppStore|iPhoneSimulator.Deploy.0 = Release|x86
		{EFC7DCD3-5FE8-42E6-BC36-24A4EF7FDF33}.AppStore|x64.ActiveCfg = Release|x64
		{EFC7DCD3-5FE8-42E6-BC36-24A4EF7FDF33}.AppStore|x64.Build.0 = Release|x64
		{EFC7DCD3-5FE8-42E6-BC36-24A4EF7FDF33}.AppStore|x64.Deploy.0 = Release|x64
		{EFC7DCD3-5FE8-42E6-BC36-24A4EF7FDF33}.AppStore|x86.ActiveCfg = Release|x86
		{EFC7DCD3-5FE8-42E6-BC36-24A4EF7FDF33}.AppStore|x86.Build.0 = Release|x86
		{EFC7DCD3-5FE8-42E6-BC36-24A4EF7FDF33}.AppStore|x86.Deploy.0 = Release|x86
		{EFC7DCD3-5FE8-42E6-BC36-24A4EF7FDF33}.Debug|Any CPU.ActiveCfg = Debug|x86
		{EFC7DCD3-5FE8-42E6-BC36-24A4EF7FDF33}.Debug|ARM.ActiveCfg = Debug|ARM
		{EFC7DCD3-5FE8-42E6-BC36-24A4EF7FDF33}.Debug|ARM.Build.0 = Debug|ARM
		{EFC7DCD3-5FE8-42E6-BC36-24A4EF7FDF33}.Debug|ARM.Deploy.0 = Debug|ARM
		{EFC7DCD3-5FE8-42E6-BC36-24A4EF7FDF33}.Debug|iPhone.ActiveCfg = Debug|x86
		{EFC7DCD3-5FE8-42E6-BC36-24A4EF7FDF33}.Debug|iPhoneSimulator.ActiveCfg = Debug|x86
		{EFC7DCD3-5FE8-42E6-BC36-24A4EF7FDF33}.Debug|x64.ActiveCfg = Debug|x64
		{EFC7DCD3-5FE8-42E6-BC36-24A4EF7FDF33}.Debug|x64.Build.0 = Debug|x64
		{EFC7DCD3-5FE8-42E6-BC36-24A4EF7FDF33}.Debug|x64.Deploy.0 = Debug|x64
		{EFC7DCD3-5FE8-42E6-BC36-24A4EF7FDF33}.Debug|x86.ActiveCfg = Debug|x86
		{EFC7DCD3-5FE8-42E6-BC36-24A4EF7FDF33}.Debug|x86.Build.0 = Debug|x86
		{EFC7DCD3-5FE8-42E6-BC36-24A4EF7FDF33}.Debug|x86.Deploy.0 = Debug|x86
		{EFC7DCD3-5FE8-42E6-BC36-24A4EF7FDF33}.Release|Any CPU.ActiveCfg = Release|x86
		{EFC7DCD3-5FE8-42E6-BC36-24A4EF7FDF33}.Release|ARM.ActiveCfg = Release|ARM
		{EFC7DCD3-5FE8-42E6-BC36-24A4EF7FDF33}.Release|ARM.Build.0 = Release|ARM
		{EFC7DCD3-5FE8-42E6-BC36-24A4EF7FDF33}.Release|ARM.Deploy.0 = Release|ARM
		{EFC7DCD3-5FE8-42E6-BC36-24A4EF7FDF33}.Release|iPhone.ActiveCfg = Release|x86
		{EFC7DCD3-5FE8-42E6-BC36-24A4EF7FDF33}.Release|iPhoneSimulator.ActiveCfg = Release|x86
		{EFC7DCD3-5FE8-42E6-BC36-24A4EF7FDF33}.Release|x64.ActiveCfg = Release|x64
		{EFC7DCD3-5FE8-42E6-BC36-24A4EF7FDF33}.Release|x64.Build.0 = Release|x64
		{EFC7DCD3-5FE8-42E6-BC36-24A4EF7FDF33}.Release|x64.Deploy.0 = Release|x64
		{EFC7DCD3-5FE8-42E6-BC36-24A4EF7FDF33}.Release|x86.ActiveCfg = Release|x86
		{EFC7DCD3-5FE8-42E6-BC36-24A4EF7FDF33}.Release|x86.Build.0 = Release|x86
		{EFC7DCD3-5FE8-42E6-BC36-24A4EF7FDF33}.Release|x86.Deploy.0 = Release|x86
		{5AB56780-DF4A-404B-9D15-BB577386125C}.Ad-Hoc|Any CPU.ActiveCfg = Ad-Hoc|iPhone
		{5AB56780-DF4A-404B-9D15-BB577386125C}.Ad-Hoc|ARM.ActiveCfg = Ad-Hoc|iPhone
		{5AB56780-DF4A-404B-9D15-BB577386125C}.Ad-Hoc|iPhone.ActiveCfg = Ad-Hoc|iPhone
		{5AB56780-DF4A-404B-9D15-BB577386125C}.Ad-Hoc|iPhone.Build.0 = Ad-Hoc|iPhone
		{5AB56780-DF4A-404B-9D15-BB577386125C}.Ad-Hoc|iPhoneSimulator.ActiveCfg = Ad-Hoc|iPhoneSimulator
		{5AB56780-DF4A-404B-9D15-BB577386125C}.Ad-Hoc|iPhoneSimulator.Build.0 = Ad-Hoc|iPhoneSimulator
		{5AB56780-DF4A-404B-9D15-BB577386125C}.Ad-Hoc|x64.ActiveCfg = Ad-Hoc|iPhone
		{5AB56780-DF4A-404B-9D15-BB577386125C}.Ad-Hoc|x86.ActiveCfg = Ad-Hoc|iPhone
		{5AB56780-DF4A-404B-9D15-BB577386125C}.AppStore|Any CPU.ActiveCfg = AppStore|iPhone
		{5AB56780-DF4A-404B-9D15-BB577386125C}.AppStore|ARM.ActiveCfg = AppStore|iPhone
		{5AB56780-DF4A-404B-9D15-BB577386125C}.AppStore|iPhone.ActiveCfg = AppStore|iPhone
		{5AB56780-DF4A-404B-9D15-BB577386125C}.AppStore|iPhone.Build.0 = AppStore|iPhone
		{5AB56780-DF4A-404B-9D15-BB577386125C}.AppStore|iPhoneSimulator.ActiveCfg = AppStore|iPhoneSimulator
		{5AB56780-DF4A-404B-9D15-BB577386125C}.AppStore|iPhoneSimulator.Build.0 = AppStore|iPhoneSimulator
		{5AB56780-DF4A-404B-9D15-BB577386125C}.AppStore|x64.ActiveCfg = AppStore|iPhone
		{5AB56780-DF4A-404B-9D15-BB577386125C}.AppStore|x86.ActiveCfg = AppStore|iPhone
		{5AB56780-DF4A-404B-9D15-BB577386125C}.Debug|Any CPU.ActiveCfg = Debug|iPhone
		{5AB56780-DF4A-404B-9D15-BB577386125C}.Debug|ARM.ActiveCfg = Debug|iPhone
		{5AB56780-DF4A-404B-9D15-BB577386125C}.Debug|iPhone.ActiveCfg = Debug|iPhone
		{5AB56780-DF4A-404B-9D15-BB577386125C}.Debug|iPhone.Build.0 = Debug|iPhone
		{5AB56780-DF4A-404B-9D15-BB577386125C}.Debug|iPhoneSimulator.ActiveCfg = Debug|iPhoneSimulator
		{5AB56780-DF4A-404B-9D15-BB577386125C}.Debug|iPhoneSimulator.Build.0 = Debug|iPhoneSimulator
		{5AB56780-DF4A-404B-9D15-BB577386125C}.Debug|x64.ActiveCfg = Debug|iPhone
		{5AB56780-DF4A-404B-9D15-BB577386125C}.Debug|x86.ActiveCfg = Debug|iPhone
		{5AB56780-DF4A-404B-9D15-BB577386125C}.Release|Any CPU.ActiveCfg = Release|iPhone
		{5AB56780-DF4A-404B-9D15-BB577386125C}.Release|ARM.ActiveCfg = Release|iPhone
		{5AB56780-DF4A-404B-9D15-BB577386125C}.Release|iPhone.ActiveCfg = Release|iPhone
		{5AB56780-DF4A-404B-9D15-BB577386125C}.Release|iPhone.Build.0 = Release|iPhone
		{5AB56780-DF4A-404B-9D15-BB577386125C}.Release|iPhoneSimulator.ActiveCfg = Release|iPhoneSimulator
		{5AB56780-DF4A-404B-9D15-BB577386125C}.Release|iPhoneSimulator.Build.0 = Release|iPhoneSimulator
		{5AB56780-DF4A-404B-9D15-BB577386125C}.Release|x64.ActiveCfg = Release|iPhone
		{5AB56780-DF4A-404B-9D15-BB577386125C}.Release|x86.ActiveCfg = Release|iPhone
	EndGlobalSection
	GlobalSection(SolutionProperties) = preSolution
		HideSolutionNode = FALSE
	EndGlobalSection
EndGlobal
